
Microsoft Visual Studio Solution File, Format Version 12.00
# Visual Studio Version 16
VisualStudioVersion = 16.0.31019.35
MinimumVisualStudioVersion = 10.0.40219.1
Project("{FAE04EC0-301F-11D3-BF4B-00C04F79EFBC}") = "MatrixOP", "MatrixOP\MatrixOP.csproj", "{EFA15FCC-59AC-4F3D-BE9B-70B5344E082D}"
EndProject
Global
	GlobalSection(SolutionConfigurationPlatforms) = preSolution
		Debug|Any CPU = Debug|Any CPU
		Release|Any CPU = Release|Any CPU
	EndGlobalSection
	GlobalSection(ProjectConfigurationPlatforms) = postSolution
		{EFA15FCC-59AC-4F3D-BE9B-70B5344E082D}.Debug|Any CPU.ActiveCfg = Debug|Any CPU
		{EFA15FCC-59AC-4F3D-BE9B-70B5344E082D}.Debug|Any CPU.Build.0 = Debug|Any CPU
		{EFA15FCC-59AC-4F3D-BE9B-70B5344E082D}.Release|Any CPU.ActiveCfg = Release|Any CPU
		{EFA15FCC-59AC-4F3D-BE9B-70B5344E082D}.Release|Any CPU.Build.0 = Release|Any CPU
	EndGlobalSection
	GlobalSection(SolutionProperties) = preSolution
		HideSolutionNode = FALSE
	EndGlobalSection
	GlobalSection(ExtensibilityGlobals) = postSolution
		SolutionGuid = {4B075AF6-AAA8-470A-9054-2888A3ECBE8D}
	EndGlobalSection
EndGlobal
